
Microsoft Visual Studio Solution File, Format Version 12.00
# Visual Studio Version 17
VisualStudioVersion = 17.6.33829.357
MinimumVisualStudioVersion = 10.0.40219.1
Project("{FAE04EC0-301F-11D3-BF4B-00C04F79EFBC}") = "ExerciciosTF18N.phas", "ExerciciosTF18N.phas\ExerciciosTF18N.phas.csproj", "{D1FF1968-5AD8-4552-9015-561FC33E7981}"
EndProject
Global
	GlobalSection(SolutionConfigurationPlatforms) = preSolution
		Debug|Any CPU = Debug|Any CPU
		Release|Any CPU = Release|Any CPU
	EndGlobalSection
	GlobalSection(ProjectConfigurationPlatforms) = postSolution
		{D1FF1968-5AD8-4552-9015-561FC33E7981}.Debug|Any CPU.ActiveCfg = Debug|Any CPU
		{D1FF1968-5AD8-4552-9015-561FC33E7981}.Debug|Any CPU.Build.0 = Debug|Any CPU
		{D1FF1968-5AD8-4552-9015-561FC33E7981}.Release|Any CPU.ActiveCfg = Release|Any CPU
		{D1FF1968-5AD8-4552-9015-561FC33E7981}.Release|Any CPU.Build.0 = Release|Any CPU
	EndGlobalSection
	GlobalSection(SolutionProperties) = preSolution
		HideSolutionNode = FALSE
	EndGlobalSection
	GlobalSection(ExtensibilityGlobals) = postSolution
		SolutionGuid = {D389573C-3528-41B3-B5EA-8B02E6AB5E58}
	EndGlobalSection
EndGlobal
